
Microsoft Visual Studio Solution File, Format Version 12.00
# Visual Studio 14
VisualStudioVersion = 14.0.25420.1
MinimumVisualStudioVersion = 10.0.40219.1
Project("{2150E333-8FDC-42A3-9474-1A3956D46DE8}") = "src", "src", "{1F5DAE1A-DFF5-4EBF-9A96-75EA45699A53}"
EndProject
Project("{2150E333-8FDC-42A3-9474-1A3956D46DE8}") = "Solution Items", "Solution Items", "{249C364C-426A-4B08-AC50-1282ED7EDAA1}"
	ProjectSection(SolutionItems) = preProject
		global.json = global.json
	EndProjectSection
EndProject
Project("{8BB2217D-0F2D-49D1-97BC-3654ED321F3B}") = "Shoppingcartmvc", "src\Shoppingcartmvc\Shoppingcartmvc.xproj", "{3975488C-5C21-48D5-B62F-FC387E8C58DE}"
EndProject
Global
	GlobalSection(SolutionConfigurationPlatforms) = preSolution
		Debug|Any CPU = Debug|Any CPU
		Release|Any CPU = Release|Any CPU
	EndGlobalSection
	GlobalSection(ProjectConfigurationPlatforms) = postSolution
		{3975488C-5C21-48D5-B62F-FC387E8C58DE}.Debug|Any CPU.ActiveCfg = Debug|Any CPU
		{3975488C-5C21-48D5-B62F-FC387E8C58DE}.Debug|Any CPU.Build.0 = Debug|Any CPU
		{3975488C-5C21-48D5-B62F-FC387E8C58DE}.Release|Any CPU.ActiveCfg = Release|Any CPU
		{3975488C-5C21-48D5-B62F-FC387E8C58DE}.Release|Any CPU.Build.0 = Release|Any CPU
	EndGlobalSection
	GlobalSection(SolutionProperties) = preSolution
		HideSolutionNode = FALSE
	EndGlobalSection
	GlobalSection(NestedProjects) = preSolution
		{3975488C-5C21-48D5-B62F-FC387E8C58DE} = {1F5DAE1A-DFF5-4EBF-9A96-75EA45699A53}
	EndGlobalSection
EndGlobal
